PODS:
  - LSAuthorization (0.2.0):
    - LSNetwork_iOS
  - LSNetwork_iOS (2.1.9)

DEPENDENCIES:
  - LSAuthorization (from `../`)
  - LSNetwork_iOS

SPEC REPOS:
  https://gitlab.lifesense.com/commonlib_ios/CocoaPodsSpecs.git:
    - LSNetwork_iOS

EXTERNAL SOURCES:
  LSAuthorization:
    :path: "../"

SPEC CHECKSUMS:
  LSAuthorization: ee433aed67ca92be16610680024e5d8cb4d075b4
  LSNetwork_iOS: 2d652a574d3d664928a68dbad6baad34ccfc6c5e

PODFILE CHECKSUM: 974384f1df64289e4a971689af41cf5b95584482

COCOAPODS: 1.8.4
